
Microsoft Visual Studio Solution File, Format Version 12.00
# Visual Studio Version 17
VisualStudioVersion = 17.8.34112.27
MinimumVisualStudioVersion = 10.0.40219.1
Project("{9A19103F-16F7-4668-BE54-9A1E7A4F7556}") = "Nglib", "Nglib\Nglib.csproj", "{D37301D5-7DC9-407F-A56D-5CB70C031D38}"
EndProject
Project("{9A19103F-16F7-4668-BE54-9A1E7A4F7556}") = "Nglib.Core", "Nglib.Core\Nglib.Core.csproj", "{D60EFB98-2CBE-440D-88D9-0866FF01A7C2}"
EndProject
Global
	GlobalSection(SolutionConfigurationPlatforms) = preSolution
		Debug|Any CPU = Debug|Any CPU
		Release|Any CPU = Release|Any CPU
	EndGlobalSection
	GlobalSection(ProjectConfigurationPlatforms) = postSolution
		{D37301D5-7DC9-407F-A56D-5CB70C031D38}.Debug|Any CPU.ActiveCfg = Debug|Any CPU
		{D37301D5-7DC9-407F-A56D-5CB70C031D38}.Debug|Any CPU.Build.0 = Debug|Any CPU
		{D37301D5-7DC9-407F-A56D-5CB70C031D38}.Release|Any CPU.ActiveCfg = Release|Any CPU
		{D37301D5-7DC9-407F-A56D-5CB70C031D38}.Release|Any CPU.Build.0 = Release|Any CPU
		{D60EFB98-2CBE-440D-88D9-0866FF01A7C2}.Debug|Any CPU.ActiveCfg = Debug|Any CPU
		{D60EFB98-2CBE-440D-88D9-0866FF01A7C2}.Debug|Any CPU.Build.0 = Debug|Any CPU
		{D60EFB98-2CBE-440D-88D9-0866FF01A7C2}.Release|Any CPU.ActiveCfg = Release|Any CPU
		{D60EFB98-2CBE-440D-88D9-0866FF01A7C2}.Release|Any CPU.Build.0 = Release|Any CPU
	EndGlobalSection
	GlobalSection(SolutionProperties) = preSolution
		HideSolutionNode = FALSE
	EndGlobalSection
	GlobalSection(ExtensibilityGlobals) = postSolution
		SolutionGuid = {F2D356C9-10B6-408C-8366-DAC2C3CEF4FB}
	EndGlobalSection
EndGlobal
